
Microsoft Visual Studio Solution File, Format Version 12.00
# Visual Studio Version 17
VisualStudioVersion = 17.3.32901.215
MinimumVisualStudioVersion = 10.0.40219.1
Project("{FAE04EC0-301F-11D3-BF4B-00C04F79EFBC}") = "radiobutton_hesaplama_96", "radiobutton_hesaplama_96\radiobutton_hesaplama_96.csproj", "{9C8A85F3-A4AF-4F0C-9017-8286A1AD1D6D}"
EndProject
Global
	GlobalSection(SolutionConfigurationPlatforms) = preSolution
		Debug|Any CPU = Debug|Any CPU
		Release|Any CPU = Release|Any CPU
	EndGlobalSection
	GlobalSection(ProjectConfigurationPlatforms) = postSolution
		{9C8A85F3-A4AF-4F0C-9017-8286A1AD1D6D}.Debug|Any CPU.ActiveCfg = Debug|Any CPU
		{9C8A85F3-A4AF-4F0C-9017-8286A1AD1D6D}.Debug|Any CPU.Build.0 = Debug|Any CPU
		{9C8A85F3-A4AF-4F0C-9017-8286A1AD1D6D}.Release|Any CPU.ActiveCfg = Release|Any CPU
		{9C8A85F3-A4AF-4F0C-9017-8286A1AD1D6D}.Release|Any CPU.Build.0 = Release|Any CPU
	EndGlobalSection
	GlobalSection(SolutionProperties) = preSolution
		HideSolutionNode = FALSE
	EndGlobalSection
	GlobalSection(ExtensibilityGlobals) = postSolution
		SolutionGuid = {4CB2CBCE-5A3F-4948-932A-085FC29784B6}
	EndGlobalSection
EndGlobal
